
Microsoft Visual Studio Solution File, Format Version 12.00
# Visual Studio Version 16
VisualStudioVersion = 16.0.32228.343
MinimumVisualStudioVersion = 10.0.40219.1
Project("{FAE04EC0-301F-11D3-BF4B-00C04F79EFBC}") = "TestProject", "TestProject\TestProject.csproj", "{319A2BE9-1397-45F3-A429-D83541A896E1}"
EndProject
Project("{FAE04EC0-301F-11D3-BF4B-00C04F79EFBC}") = "Core", "..\..\core_src\Core\Core.csproj", "{3551DFA0-ECAD-4ACD-9C3E-BA4026104325}"
EndProject
Project("{FAE04EC0-301F-11D3-BF4B-00C04F79EFBC}") = "FileOutput", "..\..\core_src\FileOutput\FileOutput.csproj", "{C15DE391-8133-47D2-8DE9-B6F8A19B5330}"
EndProject
Project("{FAE04EC0-301F-11D3-BF4B-00C04F79EFBC}") = "FileReader", "..\..\core_src\FileReader\FileReader.csproj", "{D5766AC8-B08E-45A1-9A32-46235DCBBC3C}"
EndProject
Project("{9A19103F-16F7-4668-BE54-9A1E7A4F7556}") = "WordList", "..\..\core_src\WordList\WordList\WordList.csproj", "{CAB6B8BC-3374-4E47-9642-175B501217B2}"
EndProject
Global
	GlobalSection(SolutionConfigurationPlatforms) = preSolution
		Debug|Any CPU = Debug|Any CPU
		Release|Any CPU = Release|Any CPU
	EndGlobalSection
	GlobalSection(ProjectConfigurationPlatforms) = postSolution
		{319A2BE9-1397-45F3-A429-D83541A896E1}.Debug|Any CPU.ActiveCfg = Debug|Any CPU
		{319A2BE9-1397-45F3-A429-D83541A896E1}.Debug|Any CPU.Build.0 = Debug|Any CPU
		{319A2BE9-1397-45F3-A429-D83541A896E1}.Release|Any CPU.ActiveCfg = Release|Any CPU
		{319A2BE9-1397-45F3-A429-D83541A896E1}.Release|Any CPU.Build.0 = Release|Any CPU
		{3551DFA0-ECAD-4ACD-9C3E-BA4026104325}.Debug|Any CPU.ActiveCfg = Debug|Any CPU
		{3551DFA0-ECAD-4ACD-9C3E-BA4026104325}.Debug|Any CPU.Build.0 = Debug|Any CPU
		{3551DFA0-ECAD-4ACD-9C3E-BA4026104325}.Release|Any CPU.ActiveCfg = Release|Any CPU
		{3551DFA0-ECAD-4ACD-9C3E-BA4026104325}.Release|Any CPU.Build.0 = Release|Any CPU
		{C15DE391-8133-47D2-8DE9-B6F8A19B5330}.Debug|Any CPU.ActiveCfg = Debug|Any CPU
		{C15DE391-8133-47D2-8DE9-B6F8A19B5330}.Debug|Any CPU.Build.0 = Debug|Any CPU
		{C15DE391-8133-47D2-8DE9-B6F8A19B5330}.Release|Any CPU.ActiveCfg = Release|Any CPU
		{C15DE391-8133-47D2-8DE9-B6F8A19B5330}.Release|Any CPU.Build.0 = Release|Any CPU
		{D5766AC8-B08E-45A1-9A32-46235DCBBC3C}.Debug|Any CPU.ActiveCfg = Debug|Any CPU
		{D5766AC8-B08E-45A1-9A32-46235DCBBC3C}.Debug|Any CPU.Build.0 = Debug|Any CPU
		{D5766AC8-B08E-45A1-9A32-46235DCBBC3C}.Release|Any CPU.ActiveCfg = Release|Any CPU
		{D5766AC8-B08E-45A1-9A32-46235DCBBC3C}.Release|Any CPU.Build.0 = Release|Any CPU
		{CAB6B8BC-3374-4E47-9642-175B501217B2}.Debug|Any CPU.ActiveCfg = Debug|Any CPU
		{CAB6B8BC-3374-4E47-9642-175B501217B2}.Debug|Any CPU.Build.0 = Debug|Any CPU
		{CAB6B8BC-3374-4E47-9642-175B501217B2}.Release|Any CPU.ActiveCfg = Release|Any CPU
		{CAB6B8BC-3374-4E47-9642-175B501217B2}.Release|Any CPU.Build.0 = Release|Any CPU
	EndGlobalSection
	GlobalSection(SolutionProperties) = preSolution
		HideSolutionNode = FALSE
	EndGlobalSection
	GlobalSection(ExtensibilityGlobals) = postSolution
		SolutionGuid = {8A66BDF8-DBE9-443F-A81F-8862FE842844}
	EndGlobalSection
EndGlobal
